
Microsoft Visual Studio Solution File, Format Version 12.00
# Visual Studio Version 16
VisualStudioVersion = 16.0.29613.14
MinimumVisualStudioVersion = 10.0.40219.1
Project("{FAE04EC0-301F-11D3-BF4B-00C04F79EFBC}") = "HaemaNote", "HaemaNote\HaemaNote.csproj", "{965011C7-ABB0-42D7-A519-DB641697C303}"
EndProject
Global
	GlobalSection(SolutionConfigurationPlatforms) = preSolution
		Debug|Any CPU = Debug|Any CPU
		Release|Any CPU = Release|Any CPU
	EndGlobalSection
	GlobalSection(ProjectConfigurationPlatforms) = postSolution
		{965011C7-ABB0-42D7-A519-DB641697C303}.Debug|Any CPU.ActiveCfg = Debug|Any CPU
		{965011C7-ABB0-42D7-A519-DB641697C303}.Debug|Any CPU.Build.0 = Debug|Any CPU
		{965011C7-ABB0-42D7-A519-DB641697C303}.Release|Any CPU.ActiveCfg = Release|Any CPU
		{965011C7-ABB0-42D7-A519-DB641697C303}.Release|Any CPU.Build.0 = Release|Any CPU
	EndGlobalSection
	GlobalSection(SolutionProperties) = preSolution
		HideSolutionNode = FALSE
	EndGlobalSection
	GlobalSection(ExtensibilityGlobals) = postSolution
		SolutionGuid = {BF0E814E-51BD-481B-9D94-771EFAD8BAAE}
	EndGlobalSection
EndGlobal
